// !$*UTF8*$!
{
	archiveVersion = 1;
	classes = {
	};
	objectVersion = 50;
	objects = {

/* Begin PBXBuildFile section */
		2F8496E824737727009C8B39 /* AppDelegate.swift in Sources */ = {isa = PBXBuildFile; fileRef = 2F8496E724737727009C8B39 /* AppDelegate.swift */; };
		2F8496EA24737727009C8B39 /* SceneDelegate.swift in Sources */ = {isa = PBXBuildFile; fileRef = 2F8496E924737727009C8B39 /* SceneDelegate.swift */; };
		2F8496ED24737727009C8B39 /* app.xcdatamodeld in Sources */ = {isa = PBXBuildFile; fileRef = 2F8496EB24737727009C8B39 /* app.xcdatamodeld */; };
		2F8496EF24737727009C8B39 /* ContentView.swift in Sources */ = {isa = PBXBuildFile; fileRef = 2F8496EE24737727009C8B39 /* ContentView.swift */; };
		2F8496F12473772B009C8B39 /* Assets.xcassets in Resources */ = {isa = PBXBuildFile; fileRef = 2F8496F02473772B009C8B39 /* Assets.xcassets */; };
		2F8496F42473772B009C8B39 /* Preview Assets.xcassets in Resources */ = {isa = PBXBuildFile; fileRef = 2F8496F32473772B009C8B39 /* Preview Assets.xcassets */; };
		2F8496F72473772B009C8B39 /* LaunchScreen.storyboard in Resources */ = {isa = PBXBuildFile; fileRef = 2F8496F52473772B009C8B39 /* LaunchScreen.storyboard */; };
		2F8497022473772B009C8B39 /* appTests.swift in Sources */ = {isa = PBXBuildFile; fileRef = 2F8497012473772B009C8B39 /* appTests.swift */; };
		2F84970D2473772B009C8B39 /* appUITests.swift in Sources */ = {isa = PBXBuildFile; fileRef = 2F84970C2473772B009C8B39 /* appUITests.swift */; };
/* End PBXBuildFile section */

/* Begin PBXContainerItemProxy section */
		2F8496FE2473772B009C8B39 /* PBXContainerItemProxy */ = {
			isa = PBXContainerItemProxy;
			containerPortal = 2F8496DC24737726009C8B39 /* Project object */;
			proxyType = 1;
			remoteGlobalIDString = 2F8496E324737727009C8B39;
			remoteInfo = app;
		};
		2F8497092473772B009C8B39 /* PBXContainerItemProxy */ = {
			isa = PBXContainerItemProxy;
			containerPortal = 2F8496DC24737726009C8B39 /* Project object */;
			proxyType = 1;
			remoteGlobalIDString = 2F8496E324737727009C8B39;
			remoteInfo = app;
		};
/* End PBXContainerItemProxy section */

/* Begin PBXFileReference section */
		2F8496E424737727009C8B39 /* app.app */ = {isa = PBXFileReference; explicitFileType = wrapper.application; includeInIndex = 0; path = app.app; sourceTree = BUILT_PRODUCTS_DIR; };
		2F8496E724737727009C8B39 /* AppDelegate.swift */ = {isa = PBXFileReference; lastKnownFileType = sourcecode.swift; path = AppDelegate.swift; sourceTree = "<group>"; };
		2F8496E924737727009C8B39 /* SceneDelegate.swift */ = {isa = PBXFileReference; lastKnownFileType = sourcecode.swift; path = SceneDelegate.swift; sourceTree = "<group>"; };
		2F8496EC24737727009C8B39 /* app.xcdatamodel */ = {isa = PBXFileReference; lastKnownFileType = wrapper.xcdatamodel; path = app.xcdatamodel; sourceTree = "<group>"; };
		2F8496EE24737727009C8B39 /* ContentView.swift */ = {isa = PBXFileReference; lastKnownFileType = sourcecode.swift; path = ContentView.swift; sourceTree = "<group>"; };
		2F8496F02473772B009C8B39 /* Assets.xcassets */ = {isa = PBXFileReference; lastKnownFileType = folder.assetcatalog; path = Assets.xcassets; sourceTree = "<group>"; };
		2F8496F32473772B009C8B39 /* Preview Assets.xcassets */ = {isa = PBXFileReference; lastKnownFileType = folder.assetcatalog; path = "Preview Assets.xcassets"; sourceTree = "<group>"; };
		2F8496F62473772B009C8B39 /* Base */ = {isa = PBXFileReference; lastKnownFileType = file.storyboard; name = Base; path = Base.lproj/LaunchScreen.storyboard; sourceTree = "<group>"; };
		2F8496F82473772B009C8B39 /* Info.plist */ = {isa = PBXFileReference; lastKnownFileType = text.plist.xml; path = Info.plist; sourceTree = "<group>"; };
		2F8496FD2473772B009C8B39 /* appTests.xctest */ = {isa = PBXFileReference; explicitFileType = wrapper.cfbundle; includeInIndex = 0; path = appTests.xctest; sourceTree = BUILT_PRODUCTS_DIR; };
		2F8497012473772B009C8B39 /* appTests.swift */ = {isa = PBXFileReference; lastKnownFileType = sourcecode.swift; path = appTests.swift; sourceTree = "<group>"; };
		2F8497032473772B009C8B39 /* Info.plist */ = {isa = PBXFileReference; lastKnownFileType = text.plist.xml; path = Info.plist; sourceTree = "<group>"; };
		2F8497082473772B009C8B39 /* appUITests.xctest */ = {isa = PBXFileReference; explicitFileType = wrapper.cfbundle; includeInIndex = 0; path = appUITests.xctest; sourceTree = BUILT_PRODUCTS_DIR; };
		2F84970C2473772B009C8B39 /* appUITests.swift */ = {isa = PBXFileReference; lastKnownFileType = sourcecode.swift; path = appUITests.swift; sourceTree = "<group>"; };
		2F84970E2473772B009C8B39 /* Info.plist */ = {isa = PBXFileReference; lastKnownFileType = text.plist.xml; path = Info.plist; sourceTree = "<group>"; };
/* End PBXFileReference section */

/* Begin PBXFrameworksBuildPhase section */
		2F8496E124737727009C8B39 /* Frameworks */ = {
			isa = PBXFrameworksBuildPhase;
			buildActionMask = 2147483647;
			files = (
			);
			runOnlyForDeploymentPostprocessing = 0;
		};
		2F8496FA2473772B009C8B39 /* Frameworks */ = {
			isa = PBXFrameworksBuildPhase;
			buildActionMask = 2147483647;
			files = (
			);
			runOnlyForDeploymentPostprocessing = 0;
		};
		2F8497052473772B009C8B39 /* Frameworks */ = {
			isa = PBXFrameworksBuildPhase;
			buildActionMask = 2147483647;
			files = (
			);
			runOnlyForDeploymentPostprocessing = 0;
		};
/* End PBXFrameworksBuildPhase section */

/* Begin PBXGroup section */
		2F8496DB24737726009C8B39 = {
			isa = PBXGroup;
			children = (
				2F8496E624737727009C8B39 /* app */,
				2F8497002473772B009C8B39 /* appTests */,
				2F84970B2473772B009C8B39 /* appUITests */,
				2F8496E524737727009C8B39 /* Products */,
			);
			sourceTree = "<group>";
		};
		2F8496E524737727009C8B39 /* Products */ = {
			isa = PBXGroup;
			children = (
				2F8496E424737727009C8B39 /* app.app */,
				2F8496FD2473772B009C8B39 /* appTests.xctest */,
				2F8497082473772B009C8B39 /* appUITests.xctest */,
			);
			name = Products;
			sourceTree = "<group>";
		};
		2F8496E624737727009C8B39 /* app */ = {
			isa = PBXGroup;
			children = (
				2F8496E724737727009C8B39 /* AppDelegate.swift */,
				2F8496E924737727009C8B39 /* SceneDelegate.swift */,
				2F8496EE24737727009C8B39 /* ContentView.swift */,
				2F8496F02473772B009C8B39 /* Assets.xcassets */,
				2F8496F52473772B009C8B39 /* LaunchScreen.storyboard */,
				2F8496F82473772B009C8B39 /* Info.plist */,
				2F8496EB24737727009C8B39 /* app.xcdatamodeld */,
				2F8496F22473772B009C8B39 /* Preview Content */,
			);
			path = app;
			sourceTree = "<group>";
		};
		2F8496F22473772B009C8B39 /* Preview Content */ = {
			isa = PBXGroup;
			children = (
				2F8496F32473772B009C8B39 /* Preview Assets.xcassets */,
			);
			path = "Preview Content";
			sourceTree = "<group>";
		};
		2F8497002473772B009C8B39 /* appTests */ = {
			isa = PBXGroup;
			children = (
				2F8497012473772B009C8B39 /* appTests.swift */,
				2F8497032473772B009C8B39 /* Info.plist */,
			);
			path = appTests;
			sourceTree = "<group>";
		};
		2F84970B2473772B009C8B39 /* appUITests */ = {
			isa = PBXGroup;
			children = (
				2F84970C2473772B009C8B39 /* appUITests.swift */,
				2F84970E2473772B009C8B39 /* Info.plist */,
			);
			path = appUITests;
			sourceTree = "<group>";
		};
/* End PBXGroup section */

/* Begin PBXNativeTarget section */
		2F8496E324737727009C8B39 /* app */ = {
			isa = PBXNativeTarget;
			buildConfigurationList = 2F8497112473772B009C8B39 /* Build configuration list for PBXNativeTarget "app" */;
			buildPhases = (
				2F8496E024737727009C8B39 /* Sources */,
				2F8496E124737727009C8B39 /* Frameworks */,
				2F8496E224737727009C8B39 /* Resources */,
			);
			buildRules = (
			);
			dependencies = (
			);
			name = app;
			productName = app;
			productReference = 2F8496E424737727009C8B39 /* app.app */;
			productType = "com.apple.product-type.application";
		};
		2F8496FC2473772B009C8B39 /* appTests */ = {
			isa = PBXNativeTarget;
			buildConfigurationList = 2F8497142473772B009C8B39 /* Build configuration list for PBXNativeTarget "appTests" */;
			buildPhases = (
				2F8496F92473772B009C8B39 /* Sources */,
				2F8496FA2473772B009C8B39 /* Frameworks */,
				2F8496FB2473772B009C8B39 /* Resources */,
			);
			buildRules = (
			);
			dependencies = (
				2F8496FF2473772B009C8B39 /* PBXTargetDependency */,
			);
			name = appTests;
			productName = appTests;
			productReference = 2F8496FD2473772B009C8B39 /* appTests.xctest */;
			productType = "com.apple.product-type.bundle.unit-test";
		};
		2F8497072473772B009C8B39 /* appUITests */ = {
			isa = PBXNativeTarget;
			buildConfigurationList = 2F8497172473772B009C8B39 /* Build configuration list for PBXNativeTarget "appUITests" */;
			buildPhases = (
				2F8497042473772B009C8B39 /* Sources */,
				2F8497052473772B009C8B39 /* Frameworks */,
				2F8497062473772B009C8B39 /* Resources */,
			);
			buildRules = (
			);
			dependencies = (
				2F84970A2473772B009C8B39 /* PBXTargetDependency */,
			);
			name = appUITests;
			productName = appUITests;
			productReference = 2F8497082473772B009C8B39 /* appUITests.xctest */;
			productType = "com.apple.product-type.bundle.ui-testing";
		};
/* End PBXNativeTarget section */

/* Begin PBXProject section */
		2F8496DC24737726009C8B39 /* Project object */ = {
			isa = PBXProject;
			attributes = {
				LastSwiftUpdateCheck = 1140;
				LastUpgradeCheck = 1140;
				ORGANIZATIONNAME = "Jianping Gan";
				TargetAttributes = {
					2F8496E324737727009C8B39 = {
						CreatedOnToolsVersion = 11.4.1;
					};
					2F8496FC2473772B009C8B39 = {
						CreatedOnToolsVersion = 11.4.1;
						TestTargetID = 2F8496E324737727009C8B39;
					};
					2F8497072473772B009C8B39 = {
						CreatedOnToolsVersion = 11.4.1;
						TestTargetID = 2F8496E324737727009C8B39;
					};
				};
			};
			buildConfigurationList = 2F8496DF24737726009C8B39 /* Build configuration list for PBXProject "app" */;
			compatibilityVersion = "Xcode 9.3";
			developmentRegion = en;
			hasScannedForEncodings = 0;
			knownRegions = (
				en,
				Base,
			);
			mainGroup = 2F8496DB24737726009C8B39;
			productRefGroup = 2F8496E524737727009C8B39 /* Products */;
			projectDirPath = "";
			projectRoot = "";
			targets = (
				2F8496E324737727009C8B39 /* app */,
				2F8496FC2473772B009C8B39 /* appTests */,
				2F8497072473772B009C8B39 /* appUITests */,
			);
		};
/* End PBXProject section */

/* Begin PBXResourcesBuildPhase section */
		2F8496E224737727009C8B39 /* Resources */ = {
			isa = PBXResourcesBuildPhase;
			buildActionMask = 2147483647;
			files = (
				2F8496F72473772B009C8B39 /* LaunchScreen.storyboard in Resources */,
				2F8496F42473772B009C8B39 /* Preview Assets.xcassets in Resources */,
				2F8496F12473772B009C8B39 /* Assets.xcassets in Resources */,
			);
			runOnlyForDeploymentPostprocessing = 0;
		};
		2F8496FB2473772B009C8B39 /* Resources */ = {
			isa = PBXResourcesBuildPhase;
			buildActionMask = 2147483647;
			files = (
			);
			runOnlyForDeploymentPostprocessing = 0;
		};
		2F8497062473772B009C8B39 /* Resources */ = {
			isa = PBXResourcesBuildPhase;
			buildActionMask = 2147483647;
			files = (
			);
			runOnlyForDeploymentPostprocessing = 0;
		};
/* End PBXResourcesBuildPhase section */

/* Begin PBXSourcesBuildPhase section */
		2F8496E024737727009C8B39 /* Sources */ = {
			isa = PBXSourcesBuildPhase;
			buildActionMask = 2147483647;
			files = (
				2F8496E824737727009C8B39 /* AppDelegate.swift in Sources */,
				2F8496EA24737727009C8B39 /* SceneDelegate.swift in Sources */,
				2F8496EF24737727009C8B39 /* ContentView.swift in Sources */,
				2F8496ED24737727009C8B39 /* app.xcdatamodeld in Sources */,
			);
			runOnlyForDeploymentPostprocessing = 0;
		};
		2F8496F92473772B009C8B39 /* Sources */ = {
			isa = PBXSourcesBuildPhase;
			buildActionMask = 2147483647;
			files = (
				2F8497022473772B009C8B39 /* appTests.swift in Sources */,
			);
			runOnlyForDeploymentPostprocessing = 0;
		};
		2F8497042473772B009C8B39 /* Sources */ = {
			isa = PBXSourcesBuildPhase;
			buildActionMask = 2147483647;
			files = (
				2F84970D2473772B009C8B39 /* appUITests.swift in Sources */,
			);
			runOnlyForDeploymentPostprocessing = 0;
		};
/* End PBXSourcesBuildPhase section */

/* Begin PBXTargetDependency section */
		2F8496FF2473772B009C8B39 /* PBXTargetDependency */ = {
			isa = PBXTargetDependency;
			target = 2F8496E324737727009C8B39 /* app */;
			targetProxy = 2F8496FE2473772B009C8B39 /* PBXContainerItemProxy */;
		};
		2F84970A2473772B009C8B39 /* PBXTargetDependency */ = {
			isa = PBXTargetDependency;
			target = 2F8496E324737727009C8B39 /* app */;
			targetProxy = 2F8497092473772B009C8B39 /* PBXContainerItemProxy */;
		};
/* End PBXTargetDependency section */

/* Begin PBXVariantGroup section */
		2F8496F52473772B009C8B39 /* LaunchScreen.storyboard */ = {
			isa = PBXVariantGroup;
			children = (
				2F8496F62473772B009C8B39 /* Base */,
			);
			name = LaunchScreen.storyboard;
			sourceTree = "<group>";
		};
/* End PBXVariantGroup section */

/* Begin XCBuildConfiguration section */
		2F84970F2473772B009C8B39 /* Debug */ = {
			isa = XCBuildConfiguration;
			buildSettings = {
				ALWAYS_SEARCH_USER_PATHS = NO;
				CLANG_ANALYZER_NONNULL = YES;
				CLANG_ANALYZER_NUMBER_OBJECT_CONVERSION = YES_AGGRESSIVE;
				CLANG_CXX_LANGUAGE_STANDARD = "gnu++14";
				CLANG_CXX_LIBRARY = "libc++";
				CLANG_ENABLE_MODULES = YES;
				CLANG_ENABLE_OBJC_ARC = YES;
				CLANG_ENABLE_OBJC_WEAK = YES;
				CLANG_WARN_BLOCK_CAPTURE_AUTORELEASING = YES;
				CLANG_WARN_BOOL_CONVERSION = YES;
				CLANG_WARN_COMMA = YES;
				CLANG_WARN_CONSTANT_CONVERSION = YES;
				CLANG_WARN_DEPRECATED_OBJC_IMPLEMENTATIONS = YES;
				CLANG_WARN_DIRECT_OBJC_ISA_USAGE = YES_ERROR;
				CLANG_WARN_DOCUMENTATION_COMMENTS = YES;
				CLANG_WARN_EMPTY_BODY = YES;
				CLANG_WARN_ENUM_CONVERSION = YES;
				CLANG_WARN_INFINITE_RECURSION = YES;
				CLANG_WARN_INT_CONVERSION = YES;
				CLANG_WARN_NON_LITERAL_NULL_CONVERSION = YES;
				CLANG_WARN_OBJC_IMPLICIT_RETAIN_SELF = YES;
				CLANG_WARN_OBJC_LITERAL_CONVERSION = YES;
				CLANG_WARN_OBJC_ROOT_CLASS = YES_ERROR;
				CLANG_WARN_RANGE_LOOP_ANALYSIS = YES;
				CLANG_WARN_STRICT_PROTOTYPES = YES;
				CLANG_WARN_SUSPICIOUS_MOVE = YES;
				CLANG_WARN_UNGUARDED_AVAILABILITY = YES_AGGRESSIVE;
				CLANG_WARN_UNREACHABLE_CODE = YES;
				CLANG_WARN__DUPLICATE_METHOD_MATCH = YES;
				COPY_PHASE_STRIP = NO;
				DEBUG_INFORMATION_FORMAT = dwarf;
				ENABLE_STRICT_OBJC_MSGSEND = YES;
				ENABLE_TESTABILITY = YES;
				GCC_C_LANGUAGE_STANDARD = gnu11;
				GCC_DYNAMIC_NO_PIC = NO;
				GCC_NO_COMMON_BLOCKS = YES;
				GCC_OPTIMIZATION_LEVEL = 0;
				GCC_PREPROCESSOR_DEFINITIONS = (
					"DEBUG=1",
					"$(inherited)",
				);
				GCC_WARN_64_TO_32_BIT_CONVERSION = YES;
				GCC_WARN_ABOUT_RETURN_TYPE = YES_ERROR;
				GCC_WARN_UNDECLARED_SELECTOR = YES;
				GCC_WARN_UNINITIALIZED_AUTOS = YES_AGGRESSIVE;
				GCC_WARN_UNUSED_FUNCTION = YES;
				GCC_WARN_UNUSED_VARIABLE = YES;
				IPHONEOS_DEPLOYMENT_TARGET = 13.4;
				MTL_ENABLE_DEBUG_INFO = INCLUDE_SOURCE;
				MTL_FAST_MATH = YES;
				ONLY_ACTIVE_ARCH = YES;
				SDKROOT = iphoneos;
				SWIFT_ACTIVE_COMPILATION_CONDITIONS = DEBUG;
				SWIFT_OPTIMIZATION_LEVEL = "-Onone";
			};
			name = Debug;
		};
		2F8497102473772B009C8B39 /* Release */ = {
			isa = XCBuildConfiguration;
			buildSettings = {
				ALWAYS_SEARCH_USER_PATHS = NO;
				CLANG_ANALYZER_NONNULL = YES;
				CLANG_ANALYZER_NUMBER_OBJECT_CONVERSION = YES_AGGRESSIVE;
				CLANG_CXX_LANGUAGE_STANDARD = "gnu++14";
				CLANG_CXX_LIBRARY = "libc++";
				CLANG_ENABLE_MODULES = YES;
				CLANG_ENABLE_OBJC_ARC = YES;
				CLANG_ENABLE_OBJC_WEAK = YES;
				CLANG_WARN_BLOCK_CAPTURE_AUTORELEASING = YES;
				CLANG_WARN_BOOL_CONVERSION = YES;
				CLANG_WARN_COMMA = YES;
				CLANG_WARN_CONSTANT_CONVERSION = YES;
				CLANG_WARN_DEPRECATED_OBJC_IMPLEMENTATIONS = YES;
				CLANG_WARN_DIRECT_OBJC_ISA_USAGE = YES_ERROR;
				CLANG_WARN_DOCUMENTATION_COMMENTS = YES;
				CLANG_WARN_EMPTY_BODY = YES;
				CLANG_WARN_ENUM_CONVERSION = YES;
				CLANG_WARN_INFINITE_RECURSION = YES;
				CLANG_WARN_INT_CONVERSION = YES;
				CLANG_WARN_NON_LITERAL_NULL_CONVERSION = YES;
				CLANG_WARN_OBJC_IMPLICIT_RETAIN_SELF = YES;
				CLANG_WARN_OBJC_LITERAL_CONVERSION = YES;
				CLANG_WARN_OBJC_ROOT_CLASS = YES_ERROR;
				CLANG_WARN_RANGE_LOOP_ANALYSIS = YES;
				CLANG_WARN_STRICT_PROTOTYPES = YES;
				CLANG_WARN_SUSPICIOUS_MOVE = YES;
				CLANG_WARN_UNGUARDED_AVAILABILITY = YES_AGGRESSIVE;
				CLANG_WARN_UNREACHABLE_CODE = YES;
				CLANG_WARN__DUPLICATE_METHOD_MATCH = YES;
				COPY_PHASE_STRIP = NO;
				DEBUG_INFORMATION_FORMAT = "dwarf-with-dsym";
				ENABLE_NS_ASSERTIONS = NO;
				ENABLE_STRICT_OBJC_MSGSEND = YES;
				GCC_C_LANGUAGE_STANDARD = gnu11;
				GCC_NO_COMMON_BLOCKS = YES;
				GCC_WARN_64_TO_32_BIT_CONVERSION = YES;
				GCC_WARN_ABOUT_RETURN_TYPE = YES_ERROR;
				GCC_WARN_UNDECLARED_SELECTOR = YES;
				GCC_WARN_UNINITIALIZED_AUTOS = YES_AGGRESSIVE;
				GCC_WARN_UNUSED_FUNCTION = YES;
				GCC_WARN_UNUSED_VARIABLE = YES;
				IPHONEOS_DEPLOYMENT_TARGET = 13.4;
				MTL_ENABLE_DEBUG_INFO = NO;
				MTL_FAST_MATH = YES;
				SDKROOT = iphoneos;
				SWIFT_COMPILATION_MODE = wholemodule;
				SWIFT_OPTIMIZATION_LEVEL = "-O";
				VALIDATE_PRODUCT = YES;
			};
			name = Release;
		};
		2F8497122473772B009C8B39 /* Debug */ = {
			isa = XCBuildConfiguration;
			buildSettings = {
				ASSETCATALOG_COMPILER_APPICON_NAME = AppIcon;
				CODE_SIGN_STYLE = Automatic;
				DEVELOPMENT_ASSET_PATHS = "\"app/Preview Content\"";
				DEVELOPMENT_TEAM = CB6QRP88FP;
				ENABLE_PREVIEWS = YES;
				INFOPLIST_FILE = app/Info.plist;
				LD_RUNPATH_SEARCH_PATHS = (
					"$(inherited)",
					"@executable_path/Frameworks",
				);
				PRODUCT_BUNDLE_IDENTIFIER = org.ganjp.app;
				PRODUCT_NAME = "$(TARGET_NAME)";
				SWIFT_VERSION = 5.0;
				TARGETED_DEVICE_FAMILY = "1,2";
			};
			name = Debug;
		};
		2F8497132473772B009C8B39 /* Release */ = {
			isa = XCBuildConfiguration;
			buildSettings = {
				ASSETCATALOG_COMPILER_APPICON_NAME = AppIcon;
				CODE_SIGN_STYLE = Automatic;
				DEVELOPMENT_ASSET_PATHS = "\"app/Preview Content\"";
				DEVELOPMENT_TEAM = CB6QRP88FP;
				ENABLE_PREVIEWS = YES;
				INFOPLIST_FILE = app/Info.plist;
				LD_RUNPATH_SEARCH_PATHS = (
					"$(inherited)",
					"@executable_path/Frameworks",
				);
				PRODUCT_BUNDLE_IDENTIFIER = org.ganjp.app;
				PRODUCT_NAME = "$(TARGET_NAME)";
				SWIFT_VERSION = 5.0;
				TARGETED_DEVICE_FAMILY = "1,2";
			};
			name = Release;
		};
		2F8497152473772B009C8B39 /* Debug */ = {
			isa = XCBuildConfiguration;
			buildSettings = {
				ALWAYS_EMBED_SWIFT_STANDARD_LIBRARIES = YES;
				BUNDLE_LOADER = "$(TEST_HOST)";
				CODE_SIGN_STYLE = Automatic;
				DEVELOPMENT_TEAM = CB6QRP88FP;
				INFOPLIST_FILE = appTests/Info.plist;
				IPHONEOS_DEPLOYMENT_TARGET = 13.4;
				LD_RUNPATH_SEARCH_PATHS = (
					"$(inherited)",
					"@executable_path/Frameworks",
					"@loader_path/Frameworks",
				);
				PRODUCT_BUNDLE_IDENTIFIER = org.ganjp.appTests;
				PRODUCT_NAME = "$(TARGET_NAME)";
				SWIFT_VERSION = 5.0;
				TARGETED_DEVICE_FAMILY = "1,2";
				TEST_HOST = "$(BUILT_PRODUCTS_DIR)/app.app/app";
			};
			name = Debug;
		};
		2F8497162473772B009C8B39 /* Release */ = {
			isa = XCBuildConfiguration;
			buildSettings = {
				ALWAYS_EMBED_SWIFT_STANDARD_LIBRARIES = YES;
				BUNDLE_LOADER = "$(TEST_HOST)";
				CODE_SIGN_STYLE = Automatic;
				DEVELOPMENT_TEAM = CB6QRP88FP;
				INFOPLIST_FILE = appTests/Info.plist;
				IPHONEOS_DEPLOYMENT_TARGET = 13.4;
				LD_RUNPATH_SEARCH_PATHS = (
					"$(inherited)",
					"@executable_path/Frameworks",
					"@loader_path/Frameworks",
				);
				PRODUCT_BUNDLE_IDENTIFIER = org.ganjp.appTests;
				PRODUCT_NAME = "$(TARGET_NAME)";
				SWIFT_VERSION = 5.0;
				TARGETED_DEVICE_FAMILY = "1,2";
				TEST_HOST = "$(BUILT_PRODUCTS_DIR)/app.app/app";
			};
			name = Release;
		};
		2F8497182473772B009C8B39 /* Debug */ = {
			isa = XCBuildConfiguration;
			buildSettings = {
				ALWAYS_EMBED_SWIFT_STANDARD_LIBRARIES = YES;
				CODE_SIGN_STYLE = Automatic;
				DEVELOPMENT_TEAM = CB6QRP88FP;
				INFOPLIST_FILE = appUITests/Info.plist;
				LD_RUNPATH_SEARCH_PATHS = (
					"$(inherited)",
					"@executable_path/Frameworks",
					"@loader_path/Frameworks",
				);
				PRODUCT_BUNDLE_IDENTIFIER = org.ganjp.appUITests;
				PRODUCT_NAME = "$(TARGET_NAME)";
				SWIFT_VERSION = 5.0;
				TARGETED_DEVICE_FAMILY = "1,2";
				TEST_TARGET_NAME = app;
			};
			name = Debug;
		};
		2F8497192473772B009C8B39 /* Release */ = {
			isa = XCBuildConfiguration;
			buildSettings = {
				ALWAYS_EMBED_SWIFT_STANDARD_LIBRARIES = YES;
				CODE_SIGN_STYLE = Automatic;
				DEVELOPMENT_TEAM = CB6QRP88FP;
				INFOPLIST_FILE = appUITests/Info.plist;
				LD_RUNPATH_SEARCH_PATHS = (
					"$(inherited)",
					"@executable_path/Frameworks",
					"@loader_path/Frameworks",
				);
				PRODUCT_BUNDLE_IDENTIFIER = org.ganjp.appUITests;
				PRODUCT_NAME = "$(TARGET_NAME)";
				SWIFT_VERSION = 5.0;
				TARGETED_DEVICE_FAMILY = "1,2";
				TEST_TARGET_NAME = app;
			};
			name = Release;
		};
/* End XCBuildConfiguration section */

/* Begin XCConfigurationList section */
		2F8496DF24737726009C8B39 /* Build configuration list for PBXProject "app" */ = {
			isa = XCConfigurationList;
			buildConfigurations = (
				2F84970F2473772B009C8B39 /* Debug */,
				2F8497102473772B009C8B39 /* Release */,
			);
			defaultConfigurationIsVisible = 0;
			defaultConfigurationName = Release;
		};
		2F8497112473772B009C8B39 /* Build configuration list for PBXNativeTarget "app" */ = {
			isa = XCConfigurationList;
			buildConfigurations = (
				2F8497122473772B009C8B39 /* Debug */,
				2F8497132473772B009C8B39 /* Release */,
			);
			defaultConfigurationIsVisible = 0;
			defaultConfigurationName = Release;
		};
		2F8497142473772B009C8B39 /* Build configuration list for PBXNativeTarget "appTests" */ = {
			isa = XCConfigurationList;
			buildConfigurations = (
				2F8497152473772B009C8B39 /* Debug */,
				2F8497162473772B009C8B39 /* Release */,
			);
			defaultConfigurationIsVisible = 0;
			defaultConfigurationName = Release;
		};
		2F8497172473772B009C8B39 /* Build configuration list for PBXNativeTarget "appUITests" */ = {
			isa = XCConfigurationList;
			buildConfigurations = (
				2F8497182473772B009C8B39 /* Debug */,
				2F8497192473772B009C8B39 /* Release */,
			);
			defaultConfigurationIsVisible = 0;
			defaultConfigurationName = Release;
		};
/* End XCConfigurationList section */

/* Begin XCVersionGroup section */
		2F8496EB24737727009C8B39 /* app.xcdatamodeld */ = {
			isa = XCVersionGroup;
			children = (
				2F8496EC24737727009C8B39 /* app.xcdatamodel */,
			);
			currentVersion = 2F8496EC24737727009C8B39 /* app.xcdatamodel */;
			path = app.xcdatamodeld;
			sourceTree = "<group>";
			versionGroupType = wrapper.xcdatamodel;
		};
/* End XCVersionGroup section */
	};
	rootObject = 2F8496DC24737726009C8B39 /* Project object */;
}
